
Microsoft Visual Studio Solution File, Format Version 12.00
# Visual Studio Version 17
VisualStudioVersion = 17.10.34916.146
MinimumVisualStudioVersion = 10.0.40219.1
Project("{FAE04EC0-301F-11D3-BF4B-00C04F79EFBC}") = "SimpleWebApp", "SimpleWebApp\SimpleWebApp.csproj", "{A95ED138-989F-490F-A25F-22E6F45BA6EB}"
EndProject
Global
	GlobalSection(SolutionConfigurationPlatforms) = preSolution
		Debug|Any CPU = Debug|Any CPU
		Release|Any CPU = Release|Any CPU
	EndGlobalSection
	GlobalSection(ProjectConfigurationPlatforms) = postSolution
		{A95ED138-989F-490F-A25F-22E6F45BA6EB}.Debug|Any CPU.ActiveCfg = Debug|Any CPU
		{A95ED138-989F-490F-A25F-22E6F45BA6EB}.Debug|Any CPU.Build.0 = Debug|Any CPU
		{A95ED138-989F-490F-A25F-22E6F45BA6EB}.Release|Any CPU.ActiveCfg = Release|Any CPU
		{A95ED138-989F-490F-A25F-22E6F45BA6EB}.Release|Any CPU.Build.0 = Release|Any CPU
	EndGlobalSection
	GlobalSection(SolutionProperties) = preSolution
		HideSolutionNode = FALSE
	EndGlobalSection
	GlobalSection(ExtensibilityGlobals) = postSolution
		SolutionGuid = {D417B1DC-D600-4C39-8A1D-65CC954CA2D1}
	EndGlobalSection
EndGlobal
